
Microsoft Visual Studio Solution File, Format Version 12.00
# Visual Studio Version 17
VisualStudioVersion = 17.11.35327.3
MinimumVisualStudioVersion = 10.0.40219.1
Project("{9A19103F-16F7-4668-BE54-9A1E7A4F7556}") = "OilGas", "API\OilGas.csproj", "{4A3B9231-E482-4FAA-8397-1913852DC915}"
EndProject
Project("{FAE04EC0-301F-11D3-BF4B-00C04F79EFBC}") = "Tests", "Tests\Tests.csproj", "{961D6FD2-3B96-46C0-AF12-2F4C48DFC02E}"
EndProject
Global
	GlobalSection(SolutionConfigurationPlatforms) = preSolution
		Debug|Any CPU = Debug|Any CPU
		Release|Any CPU = Release|Any CPU
	EndGlobalSection
	GlobalSection(ProjectConfigurationPlatforms) = postSolution
		{4A3B9231-E482-4FAA-8397-1913852DC915}.Debug|Any CPU.ActiveCfg = Debug|Any CPU
		{4A3B9231-E482-4FAA-8397-1913852DC915}.Debug|Any CPU.Build.0 = Debug|Any CPU
		{4A3B9231-E482-4FAA-8397-1913852DC915}.Release|Any CPU.ActiveCfg = Release|Any CPU
		{4A3B9231-E482-4FAA-8397-1913852DC915}.Release|Any CPU.Build.0 = Release|Any CPU
		{961D6FD2-3B96-46C0-AF12-2F4C48DFC02E}.Debug|Any CPU.ActiveCfg = Debug|Any CPU
		{961D6FD2-3B96-46C0-AF12-2F4C48DFC02E}.Debug|Any CPU.Build.0 = Debug|Any CPU
		{961D6FD2-3B96-46C0-AF12-2F4C48DFC02E}.Release|Any CPU.ActiveCfg = Release|Any CPU
		{961D6FD2-3B96-46C0-AF12-2F4C48DFC02E}.Release|Any CPU.Build.0 = Release|Any CPU
	EndGlobalSection
	GlobalSection(SolutionProperties) = preSolution
		HideSolutionNode = FALSE
	EndGlobalSection
	GlobalSection(ExtensibilityGlobals) = postSolution
		SolutionGuid = {60674D1E-DE60-4942-882D-C500707C6F45}
	EndGlobalSection
EndGlobal
